
Microsoft Visual Studio Solution File, Format Version 12.00
Project("{FAE04EC0-301F-11D3-BF4B-00C04F79EFBC}") = "Jarvis.Store", "Jarvis.Store\Jarvis.Store.csproj", "{FC95CD54-F914-4515-B2AD-04D21BB24874}"
EndProject
Global
	GlobalSection(SolutionConfigurationPlatforms) = preSolution
		Debug|Any CPU = Debug|Any CPU
		Release|Any CPU = Release|Any CPU
	EndGlobalSection
	GlobalSection(ProjectConfigurationPlatforms) = postSolution
		{FC95CD54-F914-4515-B2AD-04D21BB24874}.Debug|Any CPU.ActiveCfg = Debug|Any CPU
		{FC95CD54-F914-4515-B2AD-04D21BB24874}.Debug|Any CPU.Build.0 = Debug|Any CPU
		{FC95CD54-F914-4515-B2AD-04D21BB24874}.Release|Any CPU.ActiveCfg = Release|Any CPU
		{FC95CD54-F914-4515-B2AD-04D21BB24874}.Release|Any CPU.Build.0 = Release|Any CPU
	EndGlobalSection
EndGlobal
